{
  "nodes": {
    "acme-liba": {
      "flake": false,
      "locked": {
        "lastModified": 1781881705,
        "narHash": "sha256-Gv78Nmfp1J8/cKZLuC5qgCHAso0wFiQuhg9JLzD65rY=",
        "owner": "nixcademy",
        "repo": "acme-liba",
        "rev": "39c03e3533bae4d7086b540a2989e9e76e9f07b1",
        "type": "github"
      },
      "original": {
        "owner": "nixcademy",
        "repo": "acme-liba",
        "type": "github"
      }
    },
    "acme-libb": {
      "flake": false,
      "locked": {
        "lastModified": 1781879423,
        "narHash": "sha256-iY0TwHKeUiCOyO6sOG0DFQ7xST9LsOcACEkJyKRw90M=",
        "owner": "nixcademy",
        "repo": "acme-libb",
        "rev": "419dc7d39b99107388c945100baf4f657f114bdc",
        "type": "github"
      },
      "original": {
        "owner": "nixcademy",
        "repo": "acme-libb",
        "type": "github"
      }
    },
    "acme-libc": {
      "flake": false,
      "locked": {
        "lastModified": 1781879436,
        "narHash": "sha256-KfimeEsFUiukv+C/zV3JcjKoPYSGOF55e78we47WGWA=",
        "owner": "nixcademy",
        "repo": "acme-libc",
        "rev": "02cada69d525e04fb0dec00dd6000c618ab1016d",
        "type": "github"
      },
      "original": {
        "owner": "nixcademy",
        "repo": "acme-libc",
        "type": "github"
      }
    },
    "acme-libd": {
      "flake": false,
      "locked": {
        "lastModified": 1781881708,
        "narHash": "sha256-J2jno2vKxQfmkSxno8GPdqZHEGznMgq2OBeZEcg5Css=",
        "owner": "nixcademy",
        "repo": "acme-libd",
        "rev": "d24f287e918b1a69d244d9de3d686f93ffb62356",
        "type": "github"
      },
      "original": {
        "owner": "nixcademy",
        "repo": "acme-libd",
        "type": "github"
      }
    },
    "acme-myapp": {
      "flake": false,
      "locked": {
        "lastModified": 1781881710,
        "narHash": "sha256-7S7U/w/h3mPCXVzksh9p8ry99wJgy9RDiIcTfYYtkro=",
        "owner": "nixcademy",
        "repo": "acme-myapp",
        "rev": "e939cfe9d8ea3cdbcf5146e288518a51ce27f8fc",
        "type": "github"
      },
      "original": {
        "owner": "nixcademy",
        "repo": "acme-myapp",
        "type": "github"
      }
    },
    "nixpkgs": {
      "locked": {
        "lastModified": 1781577229,
        "narHash": "sha256-lrp67w8AulE9Ks53n27I45ADSzbOCn4H+CNW1Ck8B+8=",
        "owner": "nixos",
        "repo": "nixpkgs",
        "rev": "567a49d1913ce81ac6e9582e3553dd90a955875f",
        "type": "github"
      },
      "original": {
        "owner": "nixos",
        "ref": "nixos-unstable",
        "repo": "nixpkgs",
        "type": "github"
      }
    },
    "root": {
      "inputs": {
        "acme-liba": "acme-liba",
        "acme-libb": "acme-libb",
        "acme-libc": "acme-libc",
        "acme-libd": "acme-libd",
        "acme-myapp": "acme-myapp",
        "nixpkgs": "nixpkgs"
      }
    }
  },
  "root": "root",
  "version": 7
}
