{
  "nodes": {
    "acme-liba": {
      "flake": false,
      "locked": {
        "lastModified": 1781880967,
        "narHash": "sha256-ecXzIjSlvEhV7PvRlV94vHeqcpn5WzL5hug7gldmp88=",
        "path": "/tmp/acmepkgs-scenario/acme-liba",
        "type": "path"
      },
      "original": {
        "path": "/tmp/acmepkgs-scenario/acme-liba",
        "type": "path"
      }
    },
    "acme-libb": {
      "flake": false,
      "locked": {
        "lastModified": 1781880972,
        "narHash": "sha256-rlCyktXV0utCnor0RJiCQruZ7MPDuRu8xP3Q56rN1jM=",
        "path": "/tmp/acmepkgs-scenario/acme-libb",
        "type": "path"
      },
      "original": {
        "path": "/tmp/acmepkgs-scenario/acme-libb",
        "type": "path"
      }
    },
    "acme-libc": {
      "flake": false,
      "locked": {
        "lastModified": 1781880697,
        "narHash": "sha256-AYIn1F/0AnCe03ly/EQ1JkmnP4T7anPFzU3YbC+W4EA=",
        "path": "/tmp/acmepkgs-scenario/acme-libc",
        "type": "path"
      },
      "original": {
        "path": "/tmp/acmepkgs-scenario/acme-libc",
        "type": "path"
      }
    },
    "acme-libd": {
      "flake": false,
      "locked": {
        "lastModified": 1781880842,
        "narHash": "sha256-JKMGvvYQjNgyRZO5S8LyBrB5EdbZ0EBT+5Y82VbR58M=",
        "path": "/tmp/acmepkgs-scenario/acme-libd",
        "type": "path"
      },
      "original": {
        "path": "/tmp/acmepkgs-scenario/acme-libd",
        "type": "path"
      }
    },
    "acme-myapp": {
      "flake": false,
      "locked": {
        "lastModified": 1781880844,
        "narHash": "sha256-ijGoyD6PW0+HyDWAUrSRcvj4O0tZ00ZKax/LW/PFvrE=",
        "path": "/tmp/acmepkgs-scenario/acme-myapp",
        "type": "path"
      },
      "original": {
        "path": "/tmp/acmepkgs-scenario/acme-myapp",
        "type": "path"
      }
    },
    "nixpkgs": {
      "locked": {
        "lastModified": 1781577229,
        "narHash": "sha256-lrp67w8AulE9Ks53n27I45ADSzbOCn4H+CNW1Ck8B+8=",
        "owner": "nixos",
        "repo": "nixpkgs",
        "rev": "567a49d1913ce81ac6e9582e3553dd90a955875f",
        "type": "github"
      },
      "original": {
        "owner": "nixos",
        "ref": "nixos-unstable",
        "repo": "nixpkgs",
        "type": "github"
      }
    },
    "root": {
      "inputs": {
        "acme-liba": "acme-liba",
        "acme-libb": "acme-libb",
        "acme-libc": "acme-libc",
        "acme-libd": "acme-libd",
        "acme-myapp": "acme-myapp",
        "nixpkgs": "nixpkgs"
      }
    }
  },
  "root": "root",
  "version": 7
}
