{
  "nodes": {
    "acme-liba": {
      "flake": false,
      "locked": {
        "lastModified": 1781881936,
        "narHash": "sha256-OmV7Tjr0s3K+9VivvP78uMOdNK8umTfgrfpyZcOIQaE=",
        "owner": "nixcademy",
        "repo": "acme-liba",
        "rev": "1972a5e531e7834abc5605dc1708e4aed69a40eb",
        "type": "github"
      },
      "original": {
        "owner": "nixcademy",
        "repo": "acme-liba",
        "type": "github"
      }
    },
    "acme-libb": {
      "flake": false,
      "locked": {
        "lastModified": 1781881923,
        "narHash": "sha256-RdO8oFT8ewVx50RUpwdmXsrlAFIhjFWU4xN2IgMRN2M=",
        "owner": "nixcademy",
        "repo": "acme-libb",
        "rev": "2a7a54ab568abf8cdd60f2805946e8042dd36de4",
        "type": "github"
      },
      "original": {
        "owner": "nixcademy",
        "repo": "acme-libb",
        "type": "github"
      }
    },
    "acme-libc": {
      "flake": false,
      "locked": {
        "lastModified": 1781881940,
        "narHash": "sha256-WffyhCNkqbrpSucjTb0soI3bPU6JpezTZ+dFsQ8gHsg=",
        "owner": "nixcademy",
        "repo": "acme-libc",
        "rev": "593984b3568506b334a177640ac3a2779f199439",
        "type": "github"
      },
      "original": {
        "owner": "nixcademy",
        "repo": "acme-libc",
        "type": "github"
      }
    },
    "acme-libd": {
      "flake": false,
      "locked": {
        "lastModified": 1781881942,
        "narHash": "sha256-B8PtFh2L+NxFgQbEtaeRyW/BM8aYBH9qQJWICKZ6CsU=",
        "owner": "nixcademy",
        "repo": "acme-libd",
        "rev": "68722de72bebfed7c39cc092745d35f8da0dca2b",
        "type": "github"
      },
      "original": {
        "owner": "nixcademy",
        "repo": "acme-libd",
        "type": "github"
      }
    },
    "acme-myapp": {
      "flake": false,
      "locked": {
        "lastModified": 1781881944,
        "narHash": "sha256-R48sSjcFZW6757P/bSZb9qGX9ChaBrkJcpOgfktssSk=",
        "owner": "nixcademy",
        "repo": "acme-myapp",
        "rev": "f1909033c70284349660bab0b54edec84800061f",
        "type": "github"
      },
      "original": {
        "owner": "nixcademy",
        "repo": "acme-myapp",
        "type": "github"
      }
    },
    "gcan": {
      "flake": false,
      "locked": {
        "lastModified": 1781433793,
        "narHash": "sha256-BZfdc3ddAa9CPC3GOH9G3QJbECbSRY7ymzIMtYl076M=",
        "owner": "applicative-systems",
        "repo": "gcan",
        "rev": "ab8885e036bacf1047b11a6f82863a92e2bbb2d1",
        "type": "github"
      },
      "original": {
        "owner": "applicative-systems",
        "ref": "v1.1.1",
        "repo": "gcan",
        "type": "github"
      }
    },
    "nixpkgs": {
      "locked": {
        "lastModified": 1781577229,
        "narHash": "sha256-lrp67w8AulE9Ks53n27I45ADSzbOCn4H+CNW1Ck8B+8=",
        "owner": "nixos",
        "repo": "nixpkgs",
        "rev": "567a49d1913ce81ac6e9582e3553dd90a955875f",
        "type": "github"
      },
      "original": {
        "owner": "nixos",
        "ref": "nixos-unstable",
        "repo": "nixpkgs",
        "type": "github"
      }
    },
    "root": {
      "inputs": {
        "acme-liba": "acme-liba",
        "acme-libb": "acme-libb",
        "acme-libc": "acme-libc",
        "acme-libd": "acme-libd",
        "acme-myapp": "acme-myapp",
        "gcan": "gcan",
        "nixpkgs": "nixpkgs"
      }
    }
  },
  "root": "root",
  "version": 7
}
